# This file is automatically @generated by Cargo.
# It is not intended for manual editing.
[[package]]
name = "libc"
version = "0.2.73"
source = "registry+https://github.com/rust-lang/crates.io-index"

[[package]]
name = "libdnf-sys"
version = "0.1.0"
dependencies = [
 "libc 0.2.73 (registry+https://github.com/rust-lang/crates.io-index)",
]

[metadata]
"checksum libc 0.2.73 (registry+https://github.com/rust-lang/crates.io-index)" = "bd7d4bd64732af4bf3a67f367c27df8520ad7e230c5817b8ff485864d80242b9"
