# This file is automatically @generated by Cargo.
# It is not intended for manual editing.
[[package]]
name = "libc"
version = "0.2.70"
source = "registry+https://github.com/rust-lang/crates.io-index"

[[package]]
name = "libdnf-sys"
version = "0.1.0"
dependencies = [
 "libc 0.2.70 (registry+https://github.com/rust-lang/crates.io-index)",
]

[metadata]
"checksum libc 0.2.70 (registry+https://github.com/rust-lang/crates.io-index)" = "3baa92041a6fec78c687fa0cc2b3fae8884f743d672cf551bed1d6dac6988d0f"
